
Microsoft Visual Studio Solution File, Format Version 12.00
Project("{FAE04EC0-301F-11D3-BF4B-00C04F79EFBC}") = "Insait Edit C Sharp", "Insait Edit C Sharp\Insait Edit C Sharp.csproj", "{2D9D2796-B37B-4CCA-97CD-0F28067D2720}"
EndProject
Project("{2150E333-8FDC-42A3-9474-1A3956D46DE8}") = "SolutionFolder1", "SolutionFolder1", "{285E3A3A-A237-4337-BFFA-F2B55F21E255}"
EndProject
Project("{FAE04EC0-301F-11D3-BF4B-00C04F79EFBC}") = "Insait Program Image Editor", "Insait Program Image Editor\Insait Program Image Editor.csproj", "{57B795EB-561B-4D6E-8F5F-E46D083989D7}"
EndProject
Project("{FAE04EC0-301F-11D3-BF4B-00C04F79EFBC}") = "GitHub.Copilot.SDK", "C:\Users\OLEG\source\repos\copilot-sdk-main\dotnet\src\GitHub.Copilot.SDK.csproj", "{1EA8136C-546E-4DCD-959B-44B0BDAA9750}"
EndProject
Project("{FAE04EC0-301F-11D3-BF4B-00C04F79EFBC}") = "WortschatzB2", "..\WortschatzB2\WortschatzB2.csproj", "{1BB18307-A866-45EC-AEC1-0765A2115C4C}"
EndProject
Global
	GlobalSection(SolutionConfigurationPlatforms) = preSolution
		Debug|Any CPU = Debug|Any CPU
		Debug|x64 = Debug|x64
		Debug|x86 = Debug|x86
		Release|Any CPU = Release|Any CPU
		Release|x64 = Release|x64
		Release|x86 = Release|x86
	EndGlobalSection
	GlobalSection(ProjectConfigurationPlatforms) = postSolution
		{2D9D2796-B37B-4CCA-97CD-0F28067D2720}.Debug|Any CPU.ActiveCfg = Debug|Any CPU
		{2D9D2796-B37B-4CCA-97CD-0F28067D2720}.Debug|Any CPU.Build.0 = Debug|Any CPU
		{2D9D2796-B37B-4CCA-97CD-0F28067D2720}.Debug|x64.ActiveCfg = Debug|Any CPU
		{2D9D2796-B37B-4CCA-97CD-0F28067D2720}.Debug|x64.Build.0 = Debug|Any CPU
		{2D9D2796-B37B-4CCA-97CD-0F28067D2720}.Debug|x86.ActiveCfg = Debug|Any CPU
		{2D9D2796-B37B-4CCA-97CD-0F28067D2720}.Debug|x86.Build.0 = Debug|Any CPU
		{2D9D2796-B37B-4CCA-97CD-0F28067D2720}.Release|Any CPU.ActiveCfg = Release|Any CPU
		{2D9D2796-B37B-4CCA-97CD-0F28067D2720}.Release|Any CPU.Build.0 = Release|Any CPU
		{2D9D2796-B37B-4CCA-97CD-0F28067D2720}.Release|x64.ActiveCfg = Release|Any CPU
		{2D9D2796-B37B-4CCA-97CD-0F28067D2720}.Release|x64.Build.0 = Release|Any CPU
		{2D9D2796-B37B-4CCA-97CD-0F28067D2720}.Release|x86.ActiveCfg = Release|Any CPU
		{2D9D2796-B37B-4CCA-97CD-0F28067D2720}.Release|x86.Build.0 = Release|Any CPU
		{57B795EB-561B-4D6E-8F5F-E46D083989D7}.Debug|Any CPU.ActiveCfg = Debug|Any CPU
		{57B795EB-561B-4D6E-8F5F-E46D083989D7}.Debug|Any CPU.Build.0 = Debug|Any CPU
		{57B795EB-561B-4D6E-8F5F-E46D083989D7}.Debug|x64.ActiveCfg = Debug|Any CPU
		{57B795EB-561B-4D6E-8F5F-E46D083989D7}.Debug|x64.Build.0 = Debug|Any CPU
		{57B795EB-561B-4D6E-8F5F-E46D083989D7}.Debug|x86.ActiveCfg = Debug|Any CPU
		{57B795EB-561B-4D6E-8F5F-E46D083989D7}.Debug|x86.Build.0 = Debug|Any CPU
		{57B795EB-561B-4D6E-8F5F-E46D083989D7}.Release|Any CPU.ActiveCfg = Release|Any CPU
		{57B795EB-561B-4D6E-8F5F-E46D083989D7}.Release|Any CPU.Build.0 = Release|Any CPU
		{57B795EB-561B-4D6E-8F5F-E46D083989D7}.Release|x64.ActiveCfg = Release|Any CPU
		{57B795EB-561B-4D6E-8F5F-E46D083989D7}.Release|x64.Build.0 = Release|Any CPU
		{57B795EB-561B-4D6E-8F5F-E46D083989D7}.Release|x86.ActiveCfg = Release|Any CPU
		{57B795EB-561B-4D6E-8F5F-E46D083989D7}.Release|x86.Build.0 = Release|Any CPU
		{1EA8136C-546E-4DCD-959B-44B0BDAA9750}.Debug|Any CPU.ActiveCfg = Debug|Any CPU
		{1EA8136C-546E-4DCD-959B-44B0BDAA9750}.Debug|Any CPU.Build.0 = Debug|Any CPU
		{1EA8136C-546E-4DCD-959B-44B0BDAA9750}.Debug|x64.ActiveCfg = Debug|Any CPU
		{1EA8136C-546E-4DCD-959B-44B0BDAA9750}.Debug|x64.Build.0 = Debug|Any CPU
		{1EA8136C-546E-4DCD-959B-44B0BDAA9750}.Debug|x86.ActiveCfg = Debug|Any CPU
		{1EA8136C-546E-4DCD-959B-44B0BDAA9750}.Debug|x86.Build.0 = Debug|Any CPU
		{1EA8136C-546E-4DCD-959B-44B0BDAA9750}.Release|Any CPU.ActiveCfg = Release|Any CPU
		{1EA8136C-546E-4DCD-959B-44B0BDAA9750}.Release|Any CPU.Build.0 = Release|Any CPU
		{1EA8136C-546E-4DCD-959B-44B0BDAA9750}.Release|x64.ActiveCfg = Release|Any CPU
		{1EA8136C-546E-4DCD-959B-44B0BDAA9750}.Release|x64.Build.0 = Release|Any CPU
		{1EA8136C-546E-4DCD-959B-44B0BDAA9750}.Release|x86.ActiveCfg = Release|Any CPU
		{1EA8136C-546E-4DCD-959B-44B0BDAA9750}.Release|x86.Build.0 = Release|Any CPU
		{1BB18307-A866-45EC-AEC1-0765A2115C4C}.Debug|Any CPU.ActiveCfg = Debug|Any CPU
		{1BB18307-A866-45EC-AEC1-0765A2115C4C}.Debug|Any CPU.Build.0 = Debug|Any CPU
		{1BB18307-A866-45EC-AEC1-0765A2115C4C}.Debug|x64.ActiveCfg = Debug|Any CPU
		{1BB18307-A866-45EC-AEC1-0765A2115C4C}.Debug|x64.Build.0 = Debug|Any CPU
		{1BB18307-A866-45EC-AEC1-0765A2115C4C}.Debug|x86.ActiveCfg = Debug|Any CPU
		{1BB18307-A866-45EC-AEC1-0765A2115C4C}.Debug|x86.Build.0 = Debug|Any CPU
		{1BB18307-A866-45EC-AEC1-0765A2115C4C}.Release|Any CPU.ActiveCfg = Release|Any CPU
		{1BB18307-A866-45EC-AEC1-0765A2115C4C}.Release|Any CPU.Build.0 = Release|Any CPU
		{1BB18307-A866-45EC-AEC1-0765A2115C4C}.Release|x64.ActiveCfg = Release|Any CPU
		{1BB18307-A866-45EC-AEC1-0765A2115C4C}.Release|x64.Build.0 = Release|Any CPU
		{1BB18307-A866-45EC-AEC1-0765A2115C4C}.Release|x86.ActiveCfg = Release|Any CPU
		{1BB18307-A866-45EC-AEC1-0765A2115C4C}.Release|x86.Build.0 = Release|Any CPU
	EndGlobalSection
	GlobalSection(SolutionProperties) = preSolution
		HideSolutionNode = FALSE
	EndGlobalSection
EndGlobal
